PODS:
  - OCMock (3.1.2)
  - SDWebImage (3.7.1):
    - SDWebImage/Core (= 3.7.1)
  - SDWebImage/Core (3.7.1)

DEPENDENCIES:
  - OCMock
  - SDWebImage (~> 3.7.1)

SPEC CHECKSUMS:
  OCMock: a10ea9f0a6e921651f96f78b6faee95ebc813b92
  SDWebImage: ed3095af2ff88b436426037444979b917f6c5575

COCOAPODS: 0.39.0
