// !$*UTF8*$!
{
	archiveVersion = 1;
	classes = {
	};
	objectVersion = 46;
	objects = {

/* Begin PBXBuildFile section */
		4AB01FB71CDABB2C00E38DC8 /* ThunderCats.framework in Frameworks */ = {isa = PBXBuildFile; fileRef = 4AB01FAC1CDABB2C00E38DC8 /* ThunderCats.framework */; };
		4AB020561CDABC5C00E38DC8 /* NSDictionaryTests.m in Sources */ = {isa = PBXBuildFile; fileRef = 4AB0204F1CDABC5C00E38DC8 /* NSDictionaryTests.m */; };
		4AB020571CDABC5C00E38DC8 /* NSStringTests.m in Sources */ = {isa = PBXBuildFile; fileRef = 4AB020501CDABC5C00E38DC8 /* NSStringTests.m */; };
		4AB020581CDABC5C00E38DC8 /* UIColorTests.m in Sources */ = {isa = PBXBuildFile; fileRef = 4AB020511CDABC5C00E38DC8 /* UIColorTests.m */; };
		4AB020591CDABC5C00E38DC8 /* UIControlTests.m in Sources */ = {isa = PBXBuildFile; fileRef = 4AB020521CDABC5C00E38DC8 /* UIControlTests.m */; };
		4AB0205A1CDABC5C00E38DC8 /* UIDeviceTests.m in Sources */ = {isa = PBXBuildFile; fileRef = 4AB020531CDABC5C00E38DC8 /* UIDeviceTests.m */; };
		4AB0205C1CDABC5C00E38DC8 /* UIViewTests.m in Sources */ = {isa = PBXBuildFile; fileRef = 4AB020551CDABC5C00E38DC8 /* UIViewTests.m */; };
		5394F2BE1CDD4004008C2112 /* NSArrayTests.m in Sources */ = {isa = PBXBuildFile; fileRef = 5394F2BD1CDD4004008C2112 /* NSArrayTests.m */; };
		53AE2F491CECE086000B0302 /* TCInvalidArgumentTests.m in Sources */ = {isa = PBXBuildFile; fileRef = 53AE2F481CECE086000B0302 /* TCInvalidArgumentTests.m */; };
		53B731261CE4D29200C230C1 /* UICollectionViewCellTests.m in Sources */ = {isa = PBXBuildFile; fileRef = 53B731251CE4D29200C230C1 /* UICollectionViewCellTests.m */; };
		53B731281CE4D2A200C230C1 /* UICollectionReusableViewTests.m in Sources */ = {isa = PBXBuildFile; fileRef = 53B731271CE4D2A200C230C1 /* UICollectionReusableViewTests.m */; };
		53B7312A1CE4E9A200C230C1 /* NSURLTests.m in Sources */ = {isa = PBXBuildFile; fileRef = 53B731291CE4E9A200C230C1 /* NSURLTests.m */; };
		53B7312C1CE4EA6E00C230C1 /* UIAlertControllerTests.m in Sources */ = {isa = PBXBuildFile; fileRef = 53B7312B1CE4EA6E00C230C1 /* UIAlertControllerTests.m */; };
		53B7312E1CE4EE4100C230C1 /* UITableViewCellTests.m in Sources */ = {isa = PBXBuildFile; fileRef = 53B7312D1CE4EE4100C230C1 /* UITableViewCellTests.m */; };
		53B731301CE4EF5400C230C1 /* UITextFieldTests.m in Sources */ = {isa = PBXBuildFile; fileRef = 53B7312F1CE4EF5400C230C1 /* UITextFieldTests.m */; };
		53B731341CE4F74C00C230C1 /* UIAlertViewTests.m in Sources */ = {isa = PBXBuildFile; fileRef = 53B731331CE4F74C00C230C1 /* UIAlertViewTests.m */; };
		53B731361CE506D600C230C1 /* UIViewControllerTests.m in Sources */ = {isa = PBXBuildFile; fileRef = 53B731351CE506D600C230C1 /* UIViewControllerTests.m */; };
		53FC19941CF3982C004FE059 /* nsurl_tests.json in Resources */ = {isa = PBXBuildFile; fileRef = 53FC19931CF3982C004FE059 /* nsurl_tests.json */; };
		9617B848221C69E600019C4C /* NSDictionary+TCAdditions.h in Headers */ = {isa = PBXBuildFile; fileRef = 9617B820221C69E600019C4C /* NSDictionary+TCAdditions.h */; };
		9617B84A221C69E600019C4C /* UIView+TCAdditions.h in Headers */ = {isa = PBXBuildFile; fileRef = 9617B822221C69E600019C4C /* UIView+TCAdditions.h */; };
		9617B84B221C69E600019C4C /* UIDevice+TCAdditions.h in Headers */ = {isa = PBXBuildFile; fileRef = 9617B823221C69E600019C4C /* UIDevice+TCAdditions.h */; };
		9617B84C221C69E600019C4C /* UITextField+TCAdditions.h in Headers */ = {isa = PBXBuildFile; fileRef = 9617B824221C69E600019C4C /* UITextField+TCAdditions.h */; };
		9617B84D221C69E600019C4C /* UICollectionViewCell+TCAdditions.h in Headers */ = {isa = PBXBuildFile; fileRef = 9617B825221C69E600019C4C /* UICollectionViewCell+TCAdditions.h */; };
		9617B84E221C69E600019C4C /* UIAlertView+TCAdditions.h in Headers */ = {isa = PBXBuildFile; fileRef = 9617B826221C69E600019C4C /* UIAlertView+TCAdditions.h */; };
		9617B84F221C69E600019C4C /* UIAlertController+TCAdditions.m in Sources */ = {isa = PBXBuildFile; fileRef = 9617B827221C69E600019C4C /* UIAlertController+TCAdditions.m */; };
		9617B850221C69E600019C4C /* TCInvalidArgument.m in Sources */ = {isa = PBXBuildFile; fileRef = 9617B828221C69E600019C4C /* TCInvalidArgument.m */; };
		9617B851221C69E600019C4C /* UIControl+TCAdditions.m in Sources */ = {isa = PBXBuildFile; fileRef = 9617B829221C69E600019C4C /* UIControl+TCAdditions.m */; };
		9617B852221C69E600019C4C /* NSArray+TCAdditions.h in Headers */ = {isa = PBXBuildFile; fileRef = 9617B82A221C69E600019C4C /* NSArray+TCAdditions.h */; };
		9617B853221C69E600019C4C /* UICollectionReusableView+TCAdditions.h in Headers */ = {isa = PBXBuildFile; fileRef = 9617B82B221C69E600019C4C /* UICollectionReusableView+TCAdditions.h */; };
		9617B854221C69E600019C4C /* UIViewController+TCAdditions.h in Headers */ = {isa = PBXBuildFile; fileRef = 9617B82C221C69E600019C4C /* UIViewController+TCAdditions.h */; };
		9617B855221C69E600019C4C /* NSString+TCAdditions.h in Headers */ = {isa = PBXBuildFile; fileRef = 9617B82D221C69E600019C4C /* NSString+TCAdditions.h */; };
		9617B856221C69E600019C4C /* UITableViewCell+TCAdditions.h in Headers */ = {isa = PBXBuildFile; fileRef = 9617B82E221C69E600019C4C /* UITableViewCell+TCAdditions.h */; };
		9617B857221C69E600019C4C /* UIColor+TCAdditions.m in Sources */ = {isa = PBXBuildFile; fileRef = 9617B82F221C69E600019C4C /* UIColor+TCAdditions.m */; };
		9617B858221C69E600019C4C /* NSURL+TCAdditions.m in Sources */ = {isa = PBXBuildFile; fileRef = 9617B830221C69E600019C4C /* NSURL+TCAdditions.m */; };
		9617B859221C69E600019C4C /* TCNullabilityMacros.h in Headers */ = {isa = PBXBuildFile; fileRef = 9617B831221C69E600019C4C /* TCNullabilityMacros.h */; };
		9617B85A221C69E600019C4C /* UIView+TCAdditions.m in Sources */ = {isa = PBXBuildFile; fileRef = 9617B832221C69E600019C4C /* UIView+TCAdditions.m */; };
		9617B85B221C69E600019C4C /* NSDictionary+TCAdditions.m in Sources */ = {isa = PBXBuildFile; fileRef = 9617B833221C69E600019C4C /* NSDictionary+TCAdditions.m */; };
		9617B85D221C69E600019C4C /* UIAlertView+TCAdditions.m in Sources */ = {isa = PBXBuildFile; fileRef = 9617B835221C69E600019C4C /* UIAlertView+TCAdditions.m */; };
		9617B85E221C69E600019C4C /* UICollectionViewCell+TCAdditions.m in Sources */ = {isa = PBXBuildFile; fileRef = 9617B836221C69E600019C4C /* UICollectionViewCell+TCAdditions.m */; };
		9617B85F221C69E600019C4C /* UIDevice+TCAdditions.m in Sources */ = {isa = PBXBuildFile; fileRef = 9617B837221C69E600019C4C /* UIDevice+TCAdditions.m */; };
		9617B860221C69E600019C4C /* UITextField+TCAdditions.m in Sources */ = {isa = PBXBuildFile; fileRef = 9617B838221C69E600019C4C /* UITextField+TCAdditions.m */; };
		9617B861221C69E600019C4C /* NSString+TCAdditions.m in Sources */ = {isa = PBXBuildFile; fileRef = 9617B839221C69E600019C4C /* NSString+TCAdditions.m */; };
		9617B862221C69E600019C4C /* UICollectionReusableView+TCAdditions.m in Sources */ = {isa = PBXBuildFile; fileRef = 9617B83A221C69E600019C4C /* UICollectionReusableView+TCAdditions.m */; };
		9617B863221C69E600019C4C /* UIViewController+TCAdditions.m in Sources */ = {isa = PBXBuildFile; fileRef = 9617B83B221C69E600019C4C /* UIViewController+TCAdditions.m */; };
		9617B864221C69E600019C4C /* UIControl+TCAdditions.h in Headers */ = {isa = PBXBuildFile; fileRef = 9617B83C221C69E600019C4C /* UIControl+TCAdditions.h */; };
		9617B865221C69E600019C4C /* NSArray+TCAdditions.m in Sources */ = {isa = PBXBuildFile; fileRef = 9617B83D221C69E600019C4C /* NSArray+TCAdditions.m */; };
		9617B866221C69E600019C4C /* TCInvalidArgument.h in Headers */ = {isa = PBXBuildFile; fileRef = 9617B83E221C69E600019C4C /* TCInvalidArgument.h */; };
		9617B867221C69E600019C4C /* UIAlertController+TCAdditions.h in Headers */ = {isa = PBXBuildFile; fileRef = 9617B83F221C69E600019C4C /* UIAlertController+TCAdditions.h */; };
		9617B868221C69E600019C4C /* NSURL+TCAdditions.h in Headers */ = {isa = PBXBuildFile; fileRef = 9617B840221C69E600019C4C /* NSURL+TCAdditions.h */; };
		9617B869221C69E600019C4C /* UIColor+TCAdditions.h in Headers */ = {isa = PBXBuildFile; fileRef = 9617B841221C69E600019C4C /* UIColor+TCAdditions.h */; };
		9617B86B221C69E600019C4C /* UITableViewCell+TCAdditions.m in Sources */ = {isa = PBXBuildFile; fileRef = 9617B843221C69E600019C4C /* UITableViewCell+TCAdditions.m */; };
		9617B86C221C69E600019C4C /* ThunderCats.h in Headers */ = {isa = PBXBuildFile; fileRef = 9617B844221C69E600019C4C /* ThunderCats.h */; };
		96337B6E221F397F00ED17EC /* UIImageExtensionHelper.h in Headers */ = {isa = PBXBuildFile; fileRef = 96337B66221F0D5B00ED17EC /* UIImageExtensionHelper.h */; };
		96337B6F221F398100ED17EC /* UIImageExtensionHelper.m in Sources */ = {isa = PBXBuildFile; fileRef = 96337B65221F0D5A00ED17EC /* UIImageExtensionHelper.m */; };
		96337B70221F398400ED17EC /* UIImage+TCAdditions.h in Headers */ = {isa = PBXBuildFile; fileRef = 9617B847221C69E600019C4C /* UIImage+TCAdditions.h */; };
		96337B71221F398600ED17EC /* UIImage+TCAdditions.m in Sources */ = {isa = PBXBuildFile; fileRef = 9617B846221C69E600019C4C /* UIImage+TCAdditions.m */; };
		A9BAEE021CF7ED4C00DE9271 /* UIImageSize0Tests.m in Sources */ = {isa = PBXBuildFile; fileRef = A9BAEE001CF7ED4C00DE9271 /* UIImageSize0Tests.m */; };
		A9BAEE031CF7ED4C00DE9271 /* UIImageTests.m in Sources */ = {isa = PBXBuildFile; fileRef = A9BAEE011CF7ED4C00DE9271 /* UIImageTests.m */; };
		A9BAEE071CF7ED7F00DE9271 /* Corrupt.png in Resources */ = {isa = PBXBuildFile; fileRef = A9BAEE061CF7ED7F00DE9271 /* Corrupt.png */; };
		A9BAEE0F1CF7EF2400DE9271 /* icon-green.png in Resources */ = {isa = PBXBuildFile; fileRef = A9BAEE0E1CF7EF2400DE9271 /* icon-green.png */; };
/* End PBXBuildFile section */

/* Begin PBXContainerItemProxy section */
		4AB01FB81CDABB2C00E38DC8 /* PBXContainerItemProxy */ = {
			isa = PBXContainerItemProxy;
			containerPortal = 4AB01FA31CDABB2C00E38DC8 /* Project object */;
			proxyType = 1;
			remoteGlobalIDString = 4AB01FAB1CDABB2C00E38DC8;
			remoteInfo = ThunderCats;
		};
/* End PBXContainerItemProxy section */

/* Begin PBXFileReference section */
		4A591C661CE3B2A200E8C3CE /* .cocoadocs.yml */ = {isa = PBXFileReference; fileEncoding = 4; lastKnownFileType = text; path = .cocoadocs.yml; sourceTree = "<group>"; };
		4A7D51731CDABEDE00BACB72 /* .gitignore */ = {isa = PBXFileReference; fileEncoding = 4; lastKnownFileType = text; path = .gitignore; sourceTree = "<group>"; };
		4A7D51741CDABEDE00BACB72 /* CHANGELOG.md */ = {isa = PBXFileReference; fileEncoding = 4; lastKnownFileType = net.daringfireball.markdown; path = CHANGELOG.md; sourceTree = "<group>"; };
		4A7D51751CDABEDE00BACB72 /* LICENSE */ = {isa = PBXFileReference; fileEncoding = 4; lastKnownFileType = text; path = LICENSE; sourceTree = "<group>"; };
		4A7D51761CDABEDE00BACB72 /* README.md */ = {isa = PBXFileReference; fileEncoding = 4; lastKnownFileType = net.daringfireball.markdown; path = README.md; sourceTree = "<group>"; };
		4A7D51771CDABEDE00BACB72 /* ThunderCats.podspec */ = {isa = PBXFileReference; fileEncoding = 4; indentWidth = 2; lastKnownFileType = text; path = ThunderCats.podspec; sourceTree = "<group>"; };
		4A7D517D1CDAC09200BACB72 /* CONTRIBUTING.md */ = {isa = PBXFileReference; lastKnownFileType = net.daringfireball.markdown; path = CONTRIBUTING.md; sourceTree = "<group>"; };
		4AB01FAC1CDABB2C00E38DC8 /* ThunderCats.framework */ = {isa = PBXFileReference; explicitFileType = wrapper.framework; includeInIndex = 0; path = ThunderCats.framework; sourceTree = BUILT_PRODUCTS_DIR; };
		4AB01FB61CDABB2C00E38DC8 /* ThunderCatsTests.xctest */ = {isa = PBXFileReference; explicitFileType = wrapper.cfbundle; includeInIndex = 0; path = ThunderCatsTests.xctest; sourceTree = BUILT_PRODUCTS_DIR; };
		4AB01FBD1CDABB2C00E38DC8 /* Info.plist */ = {isa = PBXFileReference; lastKnownFileType = text.plist.xml; path = Info.plist; sourceTree = "<group>"; };
		4AB0204F1CDABC5C00E38DC8 /* NSDictionaryTests.m */ = {isa = PBXFileReference; fileEncoding = 4; lastKnownFileType = sourcecode.c.objc; path = NSDictionaryTests.m; sourceTree = "<group>"; };
		4AB020501CDABC5C00E38DC8 /* NSStringTests.m */ = {isa = PBXFileReference; fileEncoding = 4; lastKnownFileType = sourcecode.c.objc; path = NSStringTests.m; sourceTree = "<group>"; };
		4AB020511CDABC5C00E38DC8 /* UIColorTests.m */ = {isa = PBXFileReference; fileEncoding = 4; lastKnownFileType = sourcecode.c.objc; path = UIColorTests.m; sourceTree = "<group>"; };
		4AB020521CDABC5C00E38DC8 /* UIControlTests.m */ = {isa = PBXFileReference; fileEncoding = 4; lastKnownFileType = sourcecode.c.objc; path = UIControlTests.m; sourceTree = "<group>"; };
		4AB020531CDABC5C00E38DC8 /* UIDeviceTests.m */ = {isa = PBXFileReference; fileEncoding = 4; lastKnownFileType = sourcecode.c.objc; path = UIDeviceTests.m; sourceTree = "<group>"; };
		4AB020551CDABC5C00E38DC8 /* UIViewTests.m */ = {isa = PBXFileReference; fileEncoding = 4; lastKnownFileType = sourcecode.c.objc; path = UIViewTests.m; sourceTree = "<group>"; };
		4AB9A3E11CDFA7370021B6B8 /* .slather.yml */ = {isa = PBXFileReference; indentWidth = 2; lastKnownFileType = text; path = .slather.yml; sourceTree = "<group>"; };
		4AB9A3E21CDFA8010021B6B8 /* .travis.yml */ = {isa = PBXFileReference; indentWidth = 2; lastKnownFileType = text; path = .travis.yml; sourceTree = "<group>"; };
		4AB9A3E31CDFA8850021B6B8 /* GEMFILE */ = {isa = PBXFileReference; fileEncoding = 4; lastKnownFileType = text; path = GEMFILE; sourceTree = "<group>"; };
		4AB9A3E51CDFA8F50021B6B8 /* Package.swift */ = {isa = PBXFileReference; lastKnownFileType = sourcecode.swift; path = Package.swift; sourceTree = "<group>"; };
		5394F2BD1CDD4004008C2112 /* NSArrayTests.m */ = {isa = PBXFileReference; fileEncoding = 4; lastKnownFileType = sourcecode.c.objc; path = NSArrayTests.m; sourceTree = "<group>"; };
		53AE2F481CECE086000B0302 /* TCInvalidArgumentTests.m */ = {isa = PBXFileReference; fileEncoding = 4; lastKnownFileType = sourcecode.c.objc; path = TCInvalidArgumentTests.m; sourceTree = "<group>"; };
		53B731251CE4D29200C230C1 /* UICollectionViewCellTests.m */ = {isa = PBXFileReference; fileEncoding = 4; lastKnownFileType = sourcecode.c.objc; path = UICollectionViewCellTests.m; sourceTree = "<group>"; };
		53B731271CE4D2A200C230C1 /* UICollectionReusableViewTests.m */ = {isa = PBXFileReference; fileEncoding = 4; lastKnownFileType = sourcecode.c.objc; path = UICollectionReusableViewTests.m; sourceTree = "<group>"; };
		53B731291CE4E9A200C230C1 /* NSURLTests.m */ = {isa = PBXFileReference; fileEncoding = 4; lastKnownFileType = sourcecode.c.objc; path = NSURLTests.m; sourceTree = "<group>"; };
		53B7312B1CE4EA6E00C230C1 /* UIAlertControllerTests.m */ = {isa = PBXFileReference; fileEncoding = 4; lastKnownFileType = sourcecode.c.objc; path = UIAlertControllerTests.m; sourceTree = "<group>"; };
		53B7312D1CE4EE4100C230C1 /* UITableViewCellTests.m */ = {isa = PBXFileReference; fileEncoding = 4; lastKnownFileType = sourcecode.c.objc; path = UITableViewCellTests.m; sourceTree = "<group>"; };
		53B7312F1CE4EF5400C230C1 /* UITextFieldTests.m */ = {isa = PBXFileReference; fileEncoding = 4; lastKnownFileType = sourcecode.c.objc; path = UITextFieldTests.m; sourceTree = "<group>"; };
		53B731331CE4F74C00C230C1 /* UIAlertViewTests.m */ = {isa = PBXFileReference; fileEncoding = 4; lastKnownFileType = sourcecode.c.objc; path = UIAlertViewTests.m; sourceTree = "<group>"; };
		53B731351CE506D600C230C1 /* UIViewControllerTests.m */ = {isa = PBXFileReference; fileEncoding = 4; lastKnownFileType = sourcecode.c.objc; path = UIViewControllerTests.m; sourceTree = "<group>"; };
		53FC19931CF3982C004FE059 /* nsurl_tests.json */ = {isa = PBXFileReference; fileEncoding = 4; lastKnownFileType = text.json; path = nsurl_tests.json; sourceTree = "<group>"; };
		9617B820221C69E600019C4C /* NSDictionary+TCAdditions.h */ = {isa = PBXFileReference; fileEncoding = 4; lastKnownFileType = sourcecode.c.h; path = "NSDictionary+TCAdditions.h"; sourceTree = "<group>"; };
		9617B822221C69E600019C4C /* UIView+TCAdditions.h */ = {isa = PBXFileReference; fileEncoding = 4; lastKnownFileType = sourcecode.c.h; path = "UIView+TCAdditions.h"; sourceTree = "<group>"; };
		9617B823221C69E600019C4C /* UIDevice+TCAdditions.h */ = {isa = PBXFileReference; fileEncoding = 4; lastKnownFileType = sourcecode.c.h; path = "UIDevice+TCAdditions.h"; sourceTree = "<group>"; };
		9617B824221C69E600019C4C /* UITextField+TCAdditions.h */ = {isa = PBXFileReference; fileEncoding = 4; lastKnownFileType = sourcecode.c.h; path = "UITextField+TCAdditions.h"; sourceTree = "<group>"; };
		9617B825221C69E600019C4C /* UICollectionViewCell+TCAdditions.h */ = {isa = PBXFileReference; fileEncoding = 4; lastKnownFileType = sourcecode.c.h; path = "UICollectionViewCell+TCAdditions.h"; sourceTree = "<group>"; };
		9617B826221C69E600019C4C /* UIAlertView+TCAdditions.h */ = {isa = PBXFileReference; fileEncoding = 4; lastKnownFileType = sourcecode.c.h; path = "UIAlertView+TCAdditions.h"; sourceTree = "<group>"; };
		9617B827221C69E600019C4C /* UIAlertController+TCAdditions.m */ = {isa = PBXFileReference; fileEncoding = 4; lastKnownFileType = sourcecode.c.objc; path = "UIAlertController+TCAdditions.m"; sourceTree = "<group>"; };
		9617B828221C69E600019C4C /* TCInvalidArgument.m */ = {isa = PBXFileReference; fileEncoding = 4; lastKnownFileType = sourcecode.c.objc; path = TCInvalidArgument.m; sourceTree = "<group>"; };
		9617B829221C69E600019C4C /* UIControl+TCAdditions.m */ = {isa = PBXFileReference; fileEncoding = 4; lastKnownFileType = sourcecode.c.objc; path = "UIControl+TCAdditions.m"; sourceTree = "<group>"; };
		9617B82A221C69E600019C4C /* NSArray+TCAdditions.h */ = {isa = PBXFileReference; fileEncoding = 4; lastKnownFileType = sourcecode.c.h; path = "NSArray+TCAdditions.h"; sourceTree = "<group>"; };
		9617B82B221C69E600019C4C /* UICollectionReusableView+TCAdditions.h */ = {isa = PBXFileReference; fileEncoding = 4; lastKnownFileType = sourcecode.c.h; path = "UICollectionReusableView+TCAdditions.h"; sourceTree = "<group>"; };
		9617B82C221C69E600019C4C /* UIViewController+TCAdditions.h */ = {isa = PBXFileReference; fileEncoding = 4; lastKnownFileType = sourcecode.c.h; path = "UIViewController+TCAdditions.h"; sourceTree = "<group>"; };
		9617B82D221C69E600019C4C /* NSString+TCAdditions.h */ = {isa = PBXFileReference; fileEncoding = 4; lastKnownFileType = sourcecode.c.h; path = "NSString+TCAdditions.h"; sourceTree = "<group>"; };
		9617B82E221C69E600019C4C /* UITableViewCell+TCAdditions.h */ = {isa = PBXFileReference; fileEncoding = 4; lastKnownFileType = sourcecode.c.h; path = "UITableViewCell+TCAdditions.h"; sourceTree = "<group>"; };
		9617B82F221C69E600019C4C /* UIColor+TCAdditions.m */ = {isa = PBXFileReference; fileEncoding = 4; lastKnownFileType = sourcecode.c.objc; path = "UIColor+TCAdditions.m"; sourceTree = "<group>"; };
		9617B830221C69E600019C4C /* NSURL+TCAdditions.m */ = {isa = PBXFileReference; fileEncoding = 4; lastKnownFileType = sourcecode.c.objc; path = "NSURL+TCAdditions.m"; sourceTree = "<group>"; };
		9617B831221C69E600019C4C /* TCNullabilityMacros.h */ = {isa = PBXFileReference; fileEncoding = 4; lastKnownFileType = sourcecode.c.h; path = TCNullabilityMacros.h; sourceTree = "<group>"; };
		9617B832221C69E600019C4C /* UIView+TCAdditions.m */ = {isa = PBXFileReference; fileEncoding = 4; lastKnownFileType = sourcecode.c.objc; path = "UIView+TCAdditions.m"; sourceTree = "<group>"; };
		9617B833221C69E600019C4C /* NSDictionary+TCAdditions.m */ = {isa = PBXFileReference; fileEncoding = 4; lastKnownFileType = sourcecode.c.objc; path = "NSDictionary+TCAdditions.m"; sourceTree = "<group>"; };
		9617B835221C69E600019C4C /* UIAlertView+TCAdditions.m */ = {isa = PBXFileReference; fileEncoding = 4; lastKnownFileType = sourcecode.c.objc; path = "UIAlertView+TCAdditions.m"; sourceTree = "<group>"; };
		9617B836221C69E600019C4C /* UICollectionViewCell+TCAdditions.m */ = {isa = PBXFileReference; fileEncoding = 4; lastKnownFileType = sourcecode.c.objc; path = "UICollectionViewCell+TCAdditions.m"; sourceTree = "<group>"; };
		9617B837221C69E600019C4C /* UIDevice+TCAdditions.m */ = {isa = PBXFileReference; fileEncoding = 4; lastKnownFileType = sourcecode.c.objc; path = "UIDevice+TCAdditions.m"; sourceTree = "<group>"; };
		9617B838221C69E600019C4C /* UITextField+TCAdditions.m */ = {isa = PBXFileReference; fileEncoding = 4; lastKnownFileType = sourcecode.c.objc; path = "UITextField+TCAdditions.m"; sourceTree = "<group>"; };
		9617B839221C69E600019C4C /* NSString+TCAdditions.m */ = {isa = PBXFileReference; fileEncoding = 4; lastKnownFileType = sourcecode.c.objc; path = "NSString+TCAdditions.m"; sourceTree = "<group>"; };
		9617B83A221C69E600019C4C /* UICollectionReusableView+TCAdditions.m */ = {isa = PBXFileReference; fileEncoding = 4; lastKnownFileType = sourcecode.c.objc; path = "UICollectionReusableView+TCAdditions.m"; sourceTree = "<group>"; };
		9617B83B221C69E600019C4C /* UIViewController+TCAdditions.m */ = {isa = PBXFileReference; fileEncoding = 4; lastKnownFileType = sourcecode.c.objc; path = "UIViewController+TCAdditions.m"; sourceTree = "<group>"; };
		9617B83C221C69E600019C4C /* UIControl+TCAdditions.h */ = {isa = PBXFileReference; fileEncoding = 4; lastKnownFileType = sourcecode.c.h; path = "UIControl+TCAdditions.h"; sourceTree = "<group>"; };
		9617B83D221C69E600019C4C /* NSArray+TCAdditions.m */ = {isa = PBXFileReference; fileEncoding = 4; lastKnownFileType = sourcecode.c.objc; path = "NSArray+TCAdditions.m"; sourceTree = "<group>"; };
		9617B83E221C69E600019C4C /* TCInvalidArgument.h */ = {isa = PBXFileReference; fileEncoding = 4; lastKnownFileType = sourcecode.c.h; path = TCInvalidArgument.h; sourceTree = "<group>"; };
		9617B83F221C69E600019C4C /* UIAlertController+TCAdditions.h */ = {isa = PBXFileReference; fileEncoding = 4; lastKnownFileType = sourcecode.c.h; path = "UIAlertController+TCAdditions.h"; sourceTree = "<group>"; };
		9617B840221C69E600019C4C /* NSURL+TCAdditions.h */ = {isa = PBXFileReference; fileEncoding = 4; lastKnownFileType = sourcecode.c.h; path = "NSURL+TCAdditions.h"; sourceTree = "<group>"; };
		9617B841221C69E600019C4C /* UIColor+TCAdditions.h */ = {isa = PBXFileReference; fileEncoding = 4; lastKnownFileType = sourcecode.c.h; path = "UIColor+TCAdditions.h"; sourceTree = "<group>"; };
		9617B843221C69E600019C4C /* UITableViewCell+TCAdditions.m */ = {isa = PBXFileReference; fileEncoding = 4; lastKnownFileType = sourcecode.c.objc; path = "UITableViewCell+TCAdditions.m"; sourceTree = "<group>"; };
		9617B844221C69E600019C4C /* ThunderCats.h */ = {isa = PBXFileReference; fileEncoding = 4; lastKnownFileType = sourcecode.c.h; path = ThunderCats.h; sourceTree = "<group>"; };
		9617B846221C69E600019C4C /* UIImage+TCAdditions.m */ = {isa = PBXFileReference; fileEncoding = 4; lastKnownFileType = sourcecode.c.objc; path = "UIImage+TCAdditions.m"; sourceTree = "<group>"; };
		9617B847221C69E600019C4C /* UIImage+TCAdditions.h */ = {isa = PBXFileReference; fileEncoding = 4; lastKnownFileType = sourcecode.c.h; path = "UIImage+TCAdditions.h"; sourceTree = "<group>"; };
		96337B65221F0D5A00ED17EC /* UIImageExtensionHelper.m */ = {isa = PBXFileReference; fileEncoding = 4; lastKnownFileType = sourcecode.c.objc; path = UIImageExtensionHelper.m; sourceTree = "<group>"; };
		96337B66221F0D5B00ED17EC /* UIImageExtensionHelper.h */ = {isa = PBXFileReference; fileEncoding = 4; lastKnownFileType = sourcecode.c.h; path = UIImageExtensionHelper.h; sourceTree = "<group>"; };
		96337B6C221F192F00ED17EC /* Info.plist */ = {isa = PBXFileReference; fileEncoding = 4; lastKnownFileType = text.plist.xml; path = Info.plist; sourceTree = "<group>"; };
		A9BAEE001CF7ED4C00DE9271 /* UIImageSize0Tests.m */ = {isa = PBXFileReference; fileEncoding = 4; lastKnownFileType = sourcecode.c.objc; path = UIImageSize0Tests.m; sourceTree = "<group>"; };
		A9BAEE011CF7ED4C00DE9271 /* UIImageTests.m */ = {isa = PBXFileReference; fileEncoding = 4; lastKnownFileType = sourcecode.c.objc; path = UIImageTests.m; sourceTree = "<group>"; };
		A9BAEE061CF7ED7F00DE9271 /* Corrupt.png */ = {isa = PBXFileReference; lastKnownFileType = image.png; path = Corrupt.png; sourceTree = "<group>"; };
		A9BAEE0E1CF7EF2400DE9271 /* icon-green.png */ = {isa = PBXFileReference; lastKnownFileType = image.png; path = "icon-green.png"; sourceTree = "<group>"; };
/* End PBXFileReference section */

/* Begin PBXFrameworksBuildPhase section */
		4AB01FA81CDABB2C00E38DC8 /* Frameworks */ = {
			isa = PBXFrameworksBuildPhase;
			buildActionMask = 2147483647;
			files = (
			);
			runOnlyForDeploymentPostprocessing = 0;
		};
		4AB01FB31CDABB2C00E38DC8 /* Frameworks */ = {
			isa = PBXFrameworksBuildPhase;
			buildActionMask = 2147483647;
			files = (
				4AB01FB71CDABB2C00E38DC8 /* ThunderCats.framework in Frameworks */,
			);
			runOnlyForDeploymentPostprocessing = 0;
		};
/* End PBXFrameworksBuildPhase section */

/* Begin PBXGroup section */
		4A7D51721CDABE8800BACB72 /* Related Files */ = {
			isa = PBXGroup;
			children = (
				4A7D51731CDABEDE00BACB72 /* .gitignore */,
				4A591C661CE3B2A200E8C3CE /* .cocoadocs.yml */,
				4AB9A3E11CDFA7370021B6B8 /* .slather.yml */,
				4AB9A3E21CDFA8010021B6B8 /* .travis.yml */,
				4AB9A3E31CDFA8850021B6B8 /* GEMFILE */,
				4A7D51741CDABEDE00BACB72 /* CHANGELOG.md */,
				4A7D51751CDABEDE00BACB72 /* LICENSE */,
				4A7D51761CDABEDE00BACB72 /* README.md */,
				4A7D517D1CDAC09200BACB72 /* CONTRIBUTING.md */,
				4AB9A3E51CDFA8F50021B6B8 /* Package.swift */,
				4A7D51771CDABEDE00BACB72 /* ThunderCats.podspec */,
			);
			name = "Related Files";
			sourceTree = "<group>";
		};
		4AB01FA21CDABB2C00E38DC8 = {
			isa = PBXGroup;
			children = (
				4A7D51721CDABE8800BACB72 /* Related Files */,
				4AB01FAE1CDABB2C00E38DC8 /* ThunderCats */,
				4AB01FBA1CDABB2C00E38DC8 /* ThunderCatsTests */,
				4AB01FAD1CDABB2C00E38DC8 /* Products */,
			);
			sourceTree = "<group>";
		};
		4AB01FAD1CDABB2C00E38DC8 /* Products */ = {
			isa = PBXGroup;
			children = (
				4AB01FAC1CDABB2C00E38DC8 /* ThunderCats.framework */,
				4AB01FB61CDABB2C00E38DC8 /* ThunderCatsTests.xctest */,
			);
			name = Products;
			sourceTree = "<group>";
		};
		4AB01FAE1CDABB2C00E38DC8 /* ThunderCats */ = {
			isa = PBXGroup;
			children = (
				96337B6C221F192F00ED17EC /* Info.plist */,
				9617B81F221C69E600019C4C /* Core */,
			);
			path = ThunderCats;
			sourceTree = "<group>";
		};
		4AB01FBA1CDABB2C00E38DC8 /* ThunderCatsTests */ = {
			isa = PBXGroup;
			children = (
				A9BAEE001CF7ED4C00DE9271 /* UIImageSize0Tests.m */,
				A9BAEE011CF7ED4C00DE9271 /* UIImageTests.m */,
				53FC19921CF39819004FE059 /* Resources */,
				5394F2BD1CDD4004008C2112 /* NSArrayTests.m */,
				4AB0204F1CDABC5C00E38DC8 /* NSDictionaryTests.m */,
				4AB020501CDABC5C00E38DC8 /* NSStringTests.m */,
				53B731291CE4E9A200C230C1 /* NSURLTests.m */,
				53B7312B1CE4EA6E00C230C1 /* UIAlertControllerTests.m */,
				53B731331CE4F74C00C230C1 /* UIAlertViewTests.m */,
				53B731271CE4D2A200C230C1 /* UICollectionReusableViewTests.m */,
				53B731251CE4D29200C230C1 /* UICollectionViewCellTests.m */,
				4AB020511CDABC5C00E38DC8 /* UIColorTests.m */,
				4AB020521CDABC5C00E38DC8 /* UIControlTests.m */,
				4AB020531CDABC5C00E38DC8 /* UIDeviceTests.m */,
				53B7312D1CE4EE4100C230C1 /* UITableViewCellTests.m */,
				53B7312F1CE4EF5400C230C1 /* UITextFieldTests.m */,
				4AB020551CDABC5C00E38DC8 /* UIViewTests.m */,
				53B731351CE506D600C230C1 /* UIViewControllerTests.m */,
				4AB01FBD1CDABB2C00E38DC8 /* Info.plist */,
				53AE2F481CECE086000B0302 /* TCInvalidArgumentTests.m */,
			);
			path = ThunderCatsTests;
			sourceTree = "<group>";
		};
		53FC19921CF39819004FE059 /* Resources */ = {
			isa = PBXGroup;
			children = (
				A9BAEE0E1CF7EF2400DE9271 /* icon-green.png */,
				A9BAEE061CF7ED7F00DE9271 /* Corrupt.png */,
				53FC19931CF3982C004FE059 /* nsurl_tests.json */,
			);
			name = Resources;
			sourceTree = "<group>";
		};
		9617B81F221C69E600019C4C /* Core */ = {
			isa = PBXGroup;
			children = (
				96337B69221F143B00ED17EC /* Helpers */,
				9617B82A221C69E600019C4C /* NSArray+TCAdditions.h */,
				9617B83D221C69E600019C4C /* NSArray+TCAdditions.m */,
				9617B820221C69E600019C4C /* NSDictionary+TCAdditions.h */,
				9617B833221C69E600019C4C /* NSDictionary+TCAdditions.m */,
				9617B82D221C69E600019C4C /* NSString+TCAdditions.h */,
				9617B839221C69E600019C4C /* NSString+TCAdditions.m */,
				9617B840221C69E600019C4C /* NSURL+TCAdditions.h */,
				9617B830221C69E600019C4C /* NSURL+TCAdditions.m */,
				9617B83E221C69E600019C4C /* TCInvalidArgument.h */,
				9617B828221C69E600019C4C /* TCInvalidArgument.m */,
				9617B831221C69E600019C4C /* TCNullabilityMacros.h */,
				9617B844221C69E600019C4C /* ThunderCats.h */,
				9617B83F221C69E600019C4C /* UIAlertController+TCAdditions.h */,
				9617B827221C69E600019C4C /* UIAlertController+TCAdditions.m */,
				9617B826221C69E600019C4C /* UIAlertView+TCAdditions.h */,
				9617B835221C69E600019C4C /* UIAlertView+TCAdditions.m */,
				9617B82B221C69E600019C4C /* UICollectionReusableView+TCAdditions.h */,
				9617B83A221C69E600019C4C /* UICollectionReusableView+TCAdditions.m */,
				9617B825221C69E600019C4C /* UICollectionViewCell+TCAdditions.h */,
				9617B836221C69E600019C4C /* UICollectionViewCell+TCAdditions.m */,
				9617B841221C69E600019C4C /* UIColor+TCAdditions.h */,
				9617B82F221C69E600019C4C /* UIColor+TCAdditions.m */,
				9617B83C221C69E600019C4C /* UIControl+TCAdditions.h */,
				9617B829221C69E600019C4C /* UIControl+TCAdditions.m */,
				9617B823221C69E600019C4C /* UIDevice+TCAdditions.h */,
				9617B837221C69E600019C4C /* UIDevice+TCAdditions.m */,
				9617B847221C69E600019C4C /* UIImage+TCAdditions.h */,
				9617B846221C69E600019C4C /* UIImage+TCAdditions.m */,
				9617B82E221C69E600019C4C /* UITableViewCell+TCAdditions.h */,
				9617B843221C69E600019C4C /* UITableViewCell+TCAdditions.m */,
				9617B824221C69E600019C4C /* UITextField+TCAdditions.h */,
				9617B838221C69E600019C4C /* UITextField+TCAdditions.m */,
				9617B822221C69E600019C4C /* UIView+TCAdditions.h */,
				9617B832221C69E600019C4C /* UIView+TCAdditions.m */,
				9617B82C221C69E600019C4C /* UIViewController+TCAdditions.h */,
				9617B83B221C69E600019C4C /* UIViewController+TCAdditions.m */,
			);
			path = Core;
			sourceTree = "<group>";
		};
		96337B69221F143B00ED17EC /* Helpers */ = {
			isa = PBXGroup;
			children = (
				96337B66221F0D5B00ED17EC /* UIImageExtensionHelper.h */,
				96337B65221F0D5A00ED17EC /* UIImageExtensionHelper.m */,
			);
			path = Helpers;
			sourceTree = "<group>";
		};
/* End PBXGroup section */

/* Begin PBXHeadersBuildPhase section */
		4AB01FA91CDABB2C00E38DC8 /* Headers */ = {
			isa = PBXHeadersBuildPhase;
			buildActionMask = 2147483647;
			files = (
				9617B84A221C69E600019C4C /* UIView+TCAdditions.h in Headers */,
				9617B852221C69E600019C4C /* NSArray+TCAdditions.h in Headers */,
				9617B854221C69E600019C4C /* UIViewController+TCAdditions.h in Headers */,
				9617B856221C69E600019C4C /* UITableViewCell+TCAdditions.h in Headers */,
				9617B859221C69E600019C4C /* TCNullabilityMacros.h in Headers */,
				9617B84E221C69E600019C4C /* UIAlertView+TCAdditions.h in Headers */,
				9617B868221C69E600019C4C /* NSURL+TCAdditions.h in Headers */,
				9617B84D221C69E600019C4C /* UICollectionViewCell+TCAdditions.h in Headers */,
				96337B6E221F397F00ED17EC /* UIImageExtensionHelper.h in Headers */,
				96337B70221F398400ED17EC /* UIImage+TCAdditions.h in Headers */,
				9617B864221C69E600019C4C /* UIControl+TCAdditions.h in Headers */,
				9617B84C221C69E600019C4C /* UITextField+TCAdditions.h in Headers */,
				9617B867221C69E600019C4C /* UIAlertController+TCAdditions.h in Headers */,
				9617B869221C69E600019C4C /* UIColor+TCAdditions.h in Headers */,
				9617B86C221C69E600019C4C /* ThunderCats.h in Headers */,
				9617B848221C69E600019C4C /* NSDictionary+TCAdditions.h in Headers */,
				9617B866221C69E600019C4C /* TCInvalidArgument.h in Headers */,
				9617B84B221C69E600019C4C /* UIDevice+TCAdditions.h in Headers */,
				9617B853221C69E600019C4C /* UICollectionReusableView+TCAdditions.h in Headers */,
				9617B855221C69E600019C4C /* NSString+TCAdditions.h in Headers */,
			);
			runOnlyForDeploymentPostprocessing = 0;
		};
/* End PBXHeadersBuildPhase section */

/* Begin PBXNativeTarget section */
		4AB01FAB1CDABB2C00E38DC8 /* ThunderCats */ = {
			isa = PBXNativeTarget;
			buildConfigurationList = 4AB01FC01CDABB2C00E38DC8 /* Build configuration list for PBXNativeTarget "ThunderCats" */;
			buildPhases = (
				4AB01FA71CDABB2C00E38DC8 /* Sources */,
				4AB01FA81CDABB2C00E38DC8 /* Frameworks */,
				4AB01FA91CDABB2C00E38DC8 /* Headers */,
				4AB01FAA1CDABB2C00E38DC8 /* Resources */,
			);
			buildRules = (
			);
			dependencies = (
			);
			name = ThunderCats;
			productName = ThunderCats;
			productReference = 4AB01FAC1CDABB2C00E38DC8 /* ThunderCats.framework */;
			productType = "com.apple.product-type.framework";
		};
		4AB01FB51CDABB2C00E38DC8 /* ThunderCatsTests */ = {
			isa = PBXNativeTarget;
			buildConfigurationList = 4AB01FC31CDABB2C00E38DC8 /* Build configuration list for PBXNativeTarget "ThunderCatsTests" */;
			buildPhases = (
				4AB01FB21CDABB2C00E38DC8 /* Sources */,
				4AB01FB31CDABB2C00E38DC8 /* Frameworks */,
				4AB01FB41CDABB2C00E38DC8 /* Resources */,
			);
			buildRules = (
			);
			dependencies = (
				4AB01FB91CDABB2C00E38DC8 /* PBXTargetDependency */,
			);
			name = ThunderCatsTests;
			productName = ThunderCatsTests;
			productReference = 4AB01FB61CDABB2C00E38DC8 /* ThunderCatsTests.xctest */;
			productType = "com.apple.product-type.bundle.unit-test";
		};
/* End PBXNativeTarget section */

/* Begin PBXProject section */
		4AB01FA31CDABB2C00E38DC8 /* Project object */ = {
			isa = PBXProject;
			attributes = {
				LastUpgradeCheck = 0720;
				ORGANIZATIONNAME = Metova;
				TargetAttributes = {
					4AB01FAB1CDABB2C00E38DC8 = {
						CreatedOnToolsVersion = 7.2.1;
					};
					4AB01FB51CDABB2C00E38DC8 = {
						CreatedOnToolsVersion = 7.2.1;
					};
				};
			};
			buildConfigurationList = 4AB01FA61CDABB2C00E38DC8 /* Build configuration list for PBXProject "ThunderCats" */;
			compatibilityVersion = "Xcode 3.2";
			developmentRegion = English;
			hasScannedForEncodings = 0;
			knownRegions = (
				en,
			);
			mainGroup = 4AB01FA21CDABB2C00E38DC8;
			productRefGroup = 4AB01FAD1CDABB2C00E38DC8 /* Products */;
			projectDirPath = "";
			projectRoot = "";
			targets = (
				4AB01FAB1CDABB2C00E38DC8 /* ThunderCats */,
				4AB01FB51CDABB2C00E38DC8 /* ThunderCatsTests */,
			);
		};
/* End PBXProject section */

/* Begin PBXResourcesBuildPhase section */
		4AB01FAA1CDABB2C00E38DC8 /* Resources */ = {
			isa = PBXResourcesBuildPhase;
			buildActionMask = 2147483647;
			files = (
			);
			runOnlyForDeploymentPostprocessing = 0;
		};
		4AB01FB41CDABB2C00E38DC8 /* Resources */ = {
			isa = PBXResourcesBuildPhase;
			buildActionMask = 2147483647;
			files = (
				53FC19941CF3982C004FE059 /* nsurl_tests.json in Resources */,
				A9BAEE071CF7ED7F00DE9271 /* Corrupt.png in Resources */,
				A9BAEE0F1CF7EF2400DE9271 /* icon-green.png in Resources */,
			);
			runOnlyForDeploymentPostprocessing = 0;
		};
/* End PBXResourcesBuildPhase section */

/* Begin PBXSourcesBuildPhase section */
		4AB01FA71CDABB2C00E38DC8 /* Sources */ = {
			isa = PBXSourcesBuildPhase;
			buildActionMask = 2147483647;
			files = (
				9617B84F221C69E600019C4C /* UIAlertController+TCAdditions.m in Sources */,
				96337B6F221F398100ED17EC /* UIImageExtensionHelper.m in Sources */,
				9617B862221C69E600019C4C /* UICollectionReusableView+TCAdditions.m in Sources */,
				9617B861221C69E600019C4C /* NSString+TCAdditions.m in Sources */,
				9617B857221C69E600019C4C /* UIColor+TCAdditions.m in Sources */,
				9617B85A221C69E600019C4C /* UIView+TCAdditions.m in Sources */,
				9617B86B221C69E600019C4C /* UITableViewCell+TCAdditions.m in Sources */,
				9617B865221C69E600019C4C /* NSArray+TCAdditions.m in Sources */,
				9617B85F221C69E600019C4C /* UIDevice+TCAdditions.m in Sources */,
				9617B863221C69E600019C4C /* UIViewController+TCAdditions.m in Sources */,
				9617B858221C69E600019C4C /* NSURL+TCAdditions.m in Sources */,
				9617B85B221C69E600019C4C /* NSDictionary+TCAdditions.m in Sources */,
				9617B851221C69E600019C4C /* UIControl+TCAdditions.m in Sources */,
				9617B860221C69E600019C4C /* UITextField+TCAdditions.m in Sources */,
				96337B71221F398600ED17EC /* UIImage+TCAdditions.m in Sources */,
				9617B85E221C69E600019C4C /* UICollectionViewCell+TCAdditions.m in Sources */,
				9617B850221C69E600019C4C /* TCInvalidArgument.m in Sources */,
				9617B85D221C69E600019C4C /* UIAlertView+TCAdditions.m in Sources */,
			);
			runOnlyForDeploymentPostprocessing = 0;
		};
		4AB01FB21CDABB2C00E38DC8 /* Sources */ = {
			isa = PBXSourcesBuildPhase;
			buildActionMask = 2147483647;
			files = (
				4AB020561CDABC5C00E38DC8 /* NSDictionaryTests.m in Sources */,
				4AB0205A1CDABC5C00E38DC8 /* UIDeviceTests.m in Sources */,
				A9BAEE021CF7ED4C00DE9271 /* UIImageSize0Tests.m in Sources */,
				53B731361CE506D600C230C1 /* UIViewControllerTests.m in Sources */,
				4AB020581CDABC5C00E38DC8 /* UIColorTests.m in Sources */,
				4AB020591CDABC5C00E38DC8 /* UIControlTests.m in Sources */,
				5394F2BE1CDD4004008C2112 /* NSArrayTests.m in Sources */,
				53B731341CE4F74C00C230C1 /* UIAlertViewTests.m in Sources */,
				53AE2F491CECE086000B0302 /* TCInvalidArgumentTests.m in Sources */,
				53B7312C1CE4EA6E00C230C1 /* UIAlertControllerTests.m in Sources */,
				53B731281CE4D2A200C230C1 /* UICollectionReusableViewTests.m in Sources */,
				53B7312E1CE4EE4100C230C1 /* UITableViewCellTests.m in Sources */,
				4AB0205C1CDABC5C00E38DC8 /* UIViewTests.m in Sources */,
				53B731261CE4D29200C230C1 /* UICollectionViewCellTests.m in Sources */,
				53B7312A1CE4E9A200C230C1 /* NSURLTests.m in Sources */,
				4AB020571CDABC5C00E38DC8 /* NSStringTests.m in Sources */,
				53B731301CE4EF5400C230C1 /* UITextFieldTests.m in Sources */,
				A9BAEE031CF7ED4C00DE9271 /* UIImageTests.m in Sources */,
			);
			runOnlyForDeploymentPostprocessing = 0;
		};
/* End PBXSourcesBuildPhase section */

/* Begin PBXTargetDependency section */
		4AB01FB91CDABB2C00E38DC8 /* PBXTargetDependency */ = {
			isa = PBXTargetDependency;
			target = 4AB01FAB1CDABB2C00E38DC8 /* ThunderCats */;
			targetProxy = 4AB01FB81CDABB2C00E38DC8 /* PBXContainerItemProxy */;
		};
/* End PBXTargetDependency section */

/* Begin XCBuildConfiguration section */
		4AB01FBE1CDABB2C00E38DC8 /* Debug */ = {
			isa = XCBuildConfiguration;
			buildSettings = {
				ALWAYS_SEARCH_USER_PATHS = NO;
				CLANG_CXX_LANGUAGE_STANDARD = "gnu++0x";
				CLANG_CXX_LIBRARY = "libc++";
				CLANG_ENABLE_MODULES = YES;
				CLANG_ENABLE_OBJC_ARC = YES;
				CLANG_WARN_BOOL_CONVERSION = YES;
				CLANG_WARN_CONSTANT_CONVERSION = YES;
				CLANG_WARN_DIRECT_OBJC_ISA_USAGE = YES_ERROR;
				CLANG_WARN_EMPTY_BODY = YES;
				CLANG_WARN_ENUM_CONVERSION = YES;
				CLANG_WARN_INT_CONVERSION = YES;
				CLANG_WARN_OBJC_ROOT_CLASS = YES_ERROR;
				CLANG_WARN_UNREACHABLE_CODE = YES;
				CLANG_WARN__DUPLICATE_METHOD_MATCH = YES;
				"CODE_SIGN_IDENTITY[sdk=iphoneos*]" = "iPhone Developer";
				COPY_PHASE_STRIP = NO;
				CURRENT_PROJECT_VERSION = 1;
				DEBUG_INFORMATION_FORMAT = dwarf;
				ENABLE_STRICT_OBJC_MSGSEND = YES;
				ENABLE_TESTABILITY = YES;
				GCC_C_LANGUAGE_STANDARD = gnu99;
				GCC_DYNAMIC_NO_PIC = NO;
				GCC_NO_COMMON_BLOCKS = YES;
				GCC_OPTIMIZATION_LEVEL = 0;
				GCC_PREPROCESSOR_DEFINITIONS = (
					"DEBUG=1",
					"$(inherited)",
				);
				GCC_WARN_64_TO_32_BIT_CONVERSION = YES;
				GCC_WARN_ABOUT_RETURN_TYPE = YES_ERROR;
				GCC_WARN_UNDECLARED_SELECTOR = YES;
				GCC_WARN_UNINITIALIZED_AUTOS = YES_AGGRESSIVE;
				GCC_WARN_UNUSED_FUNCTION = YES;
				GCC_WARN_UNUSED_VARIABLE = YES;
				IPHONEOS_DEPLOYMENT_TARGET = 9.2;
				MTL_ENABLE_DEBUG_INFO = YES;
				ONLY_ACTIVE_ARCH = YES;
				SDKROOT = iphoneos;
				TARGETED_DEVICE_FAMILY = "1,2";
				VERSIONING_SYSTEM = "apple-generic";
				VERSION_INFO_PREFIX = "";
			};
			name = Debug;
		};
		4AB01FBF1CDABB2C00E38DC8 /* Release */ = {
			isa = XCBuildConfiguration;
			buildSettings = {
				ALWAYS_SEARCH_USER_PATHS = NO;
				CLANG_CXX_LANGUAGE_STANDARD = "gnu++0x";
				CLANG_CXX_LIBRARY = "libc++";
				CLANG_ENABLE_MODULES = YES;
				CLANG_ENABLE_OBJC_ARC = YES;
				CLANG_WARN_BOOL_CONVERSION = YES;
				CLANG_WARN_CONSTANT_CONVERSION = YES;
				CLANG_WARN_DIRECT_OBJC_ISA_USAGE = YES_ERROR;
				CLANG_WARN_EMPTY_BODY = YES;
				CLANG_WARN_ENUM_CONVERSION = YES;
				CLANG_WARN_INT_CONVERSION = YES;
				CLANG_WARN_OBJC_ROOT_CLASS = YES_ERROR;
				CLANG_WARN_UNREACHABLE_CODE = YES;
				CLANG_WARN__DUPLICATE_METHOD_MATCH = YES;
				"CODE_SIGN_IDENTITY[sdk=iphoneos*]" = "iPhone Developer";
				COPY_PHASE_STRIP = NO;
				CURRENT_PROJECT_VERSION = 1;
				DEBUG_INFORMATION_FORMAT = "dwarf-with-dsym";
				ENABLE_NS_ASSERTIONS = NO;
				ENABLE_STRICT_OBJC_MSGSEND = YES;
				GCC_C_LANGUAGE_STANDARD = gnu99;
				GCC_NO_COMMON_BLOCKS = YES;
				GCC_WARN_64_TO_32_BIT_CONVERSION = YES;
				GCC_WARN_ABOUT_RETURN_TYPE = YES_ERROR;
				GCC_WARN_UNDECLARED_SELECTOR = YES;
				GCC_WARN_UNINITIALIZED_AUTOS = YES_AGGRESSIVE;
				GCC_WARN_UNUSED_FUNCTION = YES;
				GCC_WARN_UNUSED_VARIABLE = YES;
				IPHONEOS_DEPLOYMENT_TARGET = 9.2;
				MTL_ENABLE_DEBUG_INFO = NO;
				SDKROOT = iphoneos;
				TARGETED_DEVICE_FAMILY = "1,2";
				VALIDATE_PRODUCT = YES;
				VERSIONING_SYSTEM = "apple-generic";
				VERSION_INFO_PREFIX = "";
			};
			name = Release;
		};
		4AB01FC11CDABB2C00E38DC8 /* Debug */ = {
			isa = XCBuildConfiguration;
			buildSettings = {
				DEFINES_MODULE = YES;
				DYLIB_COMPATIBILITY_VERSION = 1;
				DYLIB_CURRENT_VERSION = 1;
				DYLIB_INSTALL_NAME_BASE = "@rpath";
				INFOPLIST_FILE = ThunderCats/Info.plist;
				INSTALL_PATH = "$(LOCAL_LIBRARY_DIR)/Frameworks";
				IPHONEOS_DEPLOYMENT_TARGET = 8.0;
				LD_RUNPATH_SEARCH_PATHS = "$(inherited) @executable_path/Frameworks @loader_path/Frameworks";
				PRODUCT_BUNDLE_IDENTIFIER = metova.ThunderCats;
				PRODUCT_NAME = "$(TARGET_NAME)";
				SKIP_INSTALL = YES;
			};
			name = Debug;
		};
		4AB01FC21CDABB2C00E38DC8 /* Release */ = {
			isa = XCBuildConfiguration;
			buildSettings = {
				DEFINES_MODULE = YES;
				DYLIB_COMPATIBILITY_VERSION = 1;
				DYLIB_CURRENT_VERSION = 1;
				DYLIB_INSTALL_NAME_BASE = "@rpath";
				INFOPLIST_FILE = ThunderCats/Info.plist;
				INSTALL_PATH = "$(LOCAL_LIBRARY_DIR)/Frameworks";
				IPHONEOS_DEPLOYMENT_TARGET = 8.0;
				LD_RUNPATH_SEARCH_PATHS = "$(inherited) @executable_path/Frameworks @loader_path/Frameworks";
				PRODUCT_BUNDLE_IDENTIFIER = metova.ThunderCats;
				PRODUCT_NAME = "$(TARGET_NAME)";
				SKIP_INSTALL = YES;
			};
			name = Release;
		};
		4AB01FC41CDABB2C00E38DC8 /* Debug */ = {
			isa = XCBuildConfiguration;
			buildSettings = {
				INFOPLIST_FILE = ThunderCatsTests/Info.plist;
				LD_RUNPATH_SEARCH_PATHS = "$(inherited) @executable_path/Frameworks @loader_path/Frameworks";
				PRODUCT_BUNDLE_IDENTIFIER = metova.ThunderCatsTests;
				PRODUCT_NAME = "$(TARGET_NAME)";
			};
			name = Debug;
		};
		4AB01FC51CDABB2C00E38DC8 /* Release */ = {
			isa = XCBuildConfiguration;
			buildSettings = {
				INFOPLIST_FILE = ThunderCatsTests/Info.plist;
				LD_RUNPATH_SEARCH_PATHS = "$(inherited) @executable_path/Frameworks @loader_path/Frameworks";
				PRODUCT_BUNDLE_IDENTIFIER = metova.ThunderCatsTests;
				PRODUCT_NAME = "$(TARGET_NAME)";
			};
			name = Release;
		};
/* End XCBuildConfiguration section */

/* Begin XCConfigurationList section */
		4AB01FA61CDABB2C00E38DC8 /* Build configuration list for PBXProject "ThunderCats" */ = {
			isa = XCConfigurationList;
			buildConfigurations = (
				4AB01FBE1CDABB2C00E38DC8 /* Debug */,
				4AB01FBF1CDABB2C00E38DC8 /* Release */,
			);
			defaultConfigurationIsVisible = 0;
			defaultConfigurationName = Release;
		};
		4AB01FC01CDABB2C00E38DC8 /* Build configuration list for PBXNativeTarget "ThunderCats" */ = {
			isa = XCConfigurationList;
			buildConfigurations = (
				4AB01FC11CDABB2C00E38DC8 /* Debug */,
				4AB01FC21CDABB2C00E38DC8 /* Release */,
			);
			defaultConfigurationIsVisible = 0;
			defaultConfigurationName = Release;
		};
		4AB01FC31CDABB2C00E38DC8 /* Build configuration list for PBXNativeTarget "ThunderCatsTests" */ = {
			isa = XCConfigurationList;
			buildConfigurations = (
				4AB01FC41CDABB2C00E38DC8 /* Debug */,
				4AB01FC51CDABB2C00E38DC8 /* Release */,
			);
			defaultConfigurationIsVisible = 0;
			defaultConfigurationName = Release;
		};
/* End XCConfigurationList section */
	};
	rootObject = 4AB01FA31CDABB2C00E38DC8 /* Project object */;
}
